
Microsoft Visual Studio Solution File, Format Version 12.00
# Visual Studio Version 16
VisualStudioVersion = 16.0.29418.71
MinimumVisualStudioVersion = 10.0.40219.1
Project("{FAE04EC0-301F-11D3-BF4B-00C04F79EFBC}") = "mvcConsoleCS", "mvcConsoleCS.csproj", "{1A9BFC67-C6ED-441A-B481-C76D3F1B35F0}"
	ProjectSection(ProjectDependencies) = postProject
		{699A31D6-F4F8-41C4-82AA-AB353C88742A} = {699A31D6-F4F8-41C4-82AA-AB353C88742A}
	EndProjectSection
EndProject
Project("{FAE04EC0-301F-11D3-BF4B-00C04F79EFBC}") = "FrameworkMVC", "..\FrameworkMVC\FrameworkMVC.csproj", "{699A31D6-F4F8-41C4-82AA-AB353C88742A}"
EndProject
Global
	GlobalSection(SolutionConfigurationPlatforms) = preSolution
		Debug|Any CPU = Debug|Any CPU
		Release|Any CPU = Release|Any CPU
	EndGlobalSection
	GlobalSection(ProjectConfigurationPlatforms) = postSolution
		{1A9BFC67-C6ED-441A-B481-C76D3F1B35F0}.Debug|Any CPU.ActiveCfg = Debug|Any CPU
		{1A9BFC67-C6ED-441A-B481-C76D3F1B35F0}.Debug|Any CPU.Build.0 = Debug|Any CPU
		{1A9BFC67-C6ED-441A-B481-C76D3F1B35F0}.Release|Any CPU.ActiveCfg = Release|Any CPU
		{1A9BFC67-C6ED-441A-B481-C76D3F1B35F0}.Release|Any CPU.Build.0 = Release|Any CPU
		{699A31D6-F4F8-41C4-82AA-AB353C88742A}.Debug|Any CPU.ActiveCfg = Debug|Any CPU
		{699A31D6-F4F8-41C4-82AA-AB353C88742A}.Debug|Any CPU.Build.0 = Debug|Any CPU
		{699A31D6-F4F8-41C4-82AA-AB353C88742A}.Release|Any CPU.ActiveCfg = Release|Any CPU
		{699A31D6-F4F8-41C4-82AA-AB353C88742A}.Release|Any CPU.Build.0 = Release|Any CPU
	EndGlobalSection
	GlobalSection(SolutionProperties) = preSolution
		HideSolutionNode = FALSE
	EndGlobalSection
	GlobalSection(ExtensibilityGlobals) = postSolution
		SolutionGuid = {F98DBD07-4510-40A6-94EE-993C31FF4A8D}
	EndGlobalSection
EndGlobal
